
Microsoft Visual Studio Solution File, Format Version 12.00
# Visual Studio Version 16
VisualStudioVersion = 16.0.30413.136
MinimumVisualStudioVersion = 10.0.40219.1
Project("{FAE04EC0-301F-11D3-BF4B-00C04F79EFBC}") = "ConsoleTable", "ConsoleTable\ConsoleTable.csproj", "{A7DA7818-5A31-4649-9CBC-735871B16C68}"
EndProject
Project("{FAE04EC0-301F-11D3-BF4B-00C04F79EFBC}") = "Test", "Test\Test.csproj", "{942EF36C-CEFC-4A9E-BED8-71408EF13571}"
EndProject
Global
	GlobalSection(SolutionConfigurationPlatforms) = preSolution
		Debug|Any CPU = Debug|Any CPU
		Release|Any CPU = Release|Any CPU
	EndGlobalSection
	GlobalSection(ProjectConfigurationPlatforms) = postSolution
		{A7DA7818-5A31-4649-9CBC-735871B16C68}.Debug|Any CPU.ActiveCfg = Debug|Any CPU
		{A7DA7818-5A31-4649-9CBC-735871B16C68}.Debug|Any CPU.Build.0 = Debug|Any CPU
		{A7DA7818-5A31-4649-9CBC-735871B16C68}.Release|Any CPU.ActiveCfg = Release|Any CPU
		{A7DA7818-5A31-4649-9CBC-735871B16C68}.Release|Any CPU.Build.0 = Release|Any CPU
		{942EF36C-CEFC-4A9E-BED8-71408EF13571}.Debug|Any CPU.ActiveCfg = Debug|Any CPU
		{942EF36C-CEFC-4A9E-BED8-71408EF13571}.Debug|Any CPU.Build.0 = Debug|Any CPU
		{942EF36C-CEFC-4A9E-BED8-71408EF13571}.Release|Any CPU.ActiveCfg = Release|Any CPU
		{942EF36C-CEFC-4A9E-BED8-71408EF13571}.Release|Any CPU.Build.0 = Release|Any CPU
	EndGlobalSection
	GlobalSection(SolutionProperties) = preSolution
		HideSolutionNode = FALSE
	EndGlobalSection
	GlobalSection(ExtensibilityGlobals) = postSolution
		SolutionGuid = {A9C416C5-2115-4868-BDAA-2FF74BF5BEDA}
	EndGlobalSection
EndGlobal
